
Microsoft Visual Studio Solution File, Format Version 12.00
# Visual Studio 14
VisualStudioVersion = 14.0.24720.0
MinimumVisualStudioVersion = 10.0.40219.1
Project("{FAE04EC0-301F-11D3-BF4B-00C04F79EFBC}") = "WebApp", "WebApp\WebApp.csproj", "{0AFFFD55-68F5-4E42-BD73-3FB52EC2A8D5}"
EndProject
Project("{FAE04EC0-301F-11D3-BF4B-00C04F79EFBC}") = "SPSandboxedApp", "SPSandboxedApp\SPSandboxedApp.csproj", "{CC6FCC77-B375-4881-9A2C-91A2525F8539}"
EndProject
Project("{FAE04EC0-301F-11D3-BF4B-00C04F79EFBC}") = "SPFarmApp", "SPFarmApp\SPFarmApp.csproj", "{51F82341-5B47-4ADF-B7AB-36E6D5181CB3}"
EndProject
Project("{FAE04EC0-301F-11D3-BF4B-00C04F79EFBC}") = "SPMainApp", "SPMainApp\SPMainApp.csproj", "{808726C5-4D3C-45B3-B50D-97C6523ABD32}"
EndProject
Global
	GlobalSection(SolutionConfigurationPlatforms) = preSolution
		Debug|Any CPU = Debug|Any CPU
		Release|Any CPU = Release|Any CPU
	EndGlobalSection
	GlobalSection(ProjectConfigurationPlatforms) = postSolution
		{0AFFFD55-68F5-4E42-BD73-3FB52EC2A8D5}.Debug|Any CPU.ActiveCfg = Debug|Any CPU
		{0AFFFD55-68F5-4E42-BD73-3FB52EC2A8D5}.Debug|Any CPU.Build.0 = Debug|Any CPU
		{0AFFFD55-68F5-4E42-BD73-3FB52EC2A8D5}.Release|Any CPU.ActiveCfg = Release|Any CPU
		{0AFFFD55-68F5-4E42-BD73-3FB52EC2A8D5}.Release|Any CPU.Build.0 = Release|Any CPU
		{CC6FCC77-B375-4881-9A2C-91A2525F8539}.Debug|Any CPU.ActiveCfg = Debug|Any CPU
		{CC6FCC77-B375-4881-9A2C-91A2525F8539}.Debug|Any CPU.Build.0 = Debug|Any CPU
		{CC6FCC77-B375-4881-9A2C-91A2525F8539}.Debug|Any CPU.Deploy.0 = Debug|Any CPU
		{CC6FCC77-B375-4881-9A2C-91A2525F8539}.Release|Any CPU.ActiveCfg = Release|Any CPU
		{CC6FCC77-B375-4881-9A2C-91A2525F8539}.Release|Any CPU.Build.0 = Release|Any CPU
		{CC6FCC77-B375-4881-9A2C-91A2525F8539}.Release|Any CPU.Deploy.0 = Release|Any CPU
		{51F82341-5B47-4ADF-B7AB-36E6D5181CB3}.Debug|Any CPU.ActiveCfg = Debug|Any CPU
		{51F82341-5B47-4ADF-B7AB-36E6D5181CB3}.Debug|Any CPU.Build.0 = Debug|Any CPU
		{51F82341-5B47-4ADF-B7AB-36E6D5181CB3}.Debug|Any CPU.Deploy.0 = Debug|Any CPU
		{51F82341-5B47-4ADF-B7AB-36E6D5181CB3}.Release|Any CPU.ActiveCfg = Release|Any CPU
		{51F82341-5B47-4ADF-B7AB-36E6D5181CB3}.Release|Any CPU.Build.0 = Release|Any CPU
		{51F82341-5B47-4ADF-B7AB-36E6D5181CB3}.Release|Any CPU.Deploy.0 = Release|Any CPU
		{808726C5-4D3C-45B3-B50D-97C6523ABD32}.Debug|Any CPU.ActiveCfg = Debug|Any CPU
		{808726C5-4D3C-45B3-B50D-97C6523ABD32}.Debug|Any CPU.Build.0 = Debug|Any CPU
		{808726C5-4D3C-45B3-B50D-97C6523ABD32}.Debug|Any CPU.Deploy.0 = Debug|Any CPU
		{808726C5-4D3C-45B3-B50D-97C6523ABD32}.Release|Any CPU.ActiveCfg = Release|Any CPU
		{808726C5-4D3C-45B3-B50D-97C6523ABD32}.Release|Any CPU.Build.0 = Release|Any CPU
		{808726C5-4D3C-45B3-B50D-97C6523ABD32}.Release|Any CPU.Deploy.0 = Release|Any CPU
	EndGlobalSection
	GlobalSection(SolutionProperties) = preSolution
		HideSolutionNode = FALSE
	EndGlobalSection
EndGlobal
